# This file is automatically @generated by Cargo.
# It is not intended for manual editing.
[[package]]
name = "array-init"
version = "0.0.4"
source = "registry+https://github.com/rust-lang/crates.io-index"
dependencies = [
 "nodrop 0.1.13 (registry+https://github.com/rust-lang/crates.io-index)",
]

[[package]]
name = "bit_field"
version = "0.9.0"
source = "registry+https://github.com/rust-lang/crates.io-index"

[[package]]
name = "bitflags"
version = "1.2.0"
source = "registry+https://github.com/rust-lang/crates.io-index"

[[package]]
name = "cast"
version = "0.2.2"
source = "registry+https://github.com/rust-lang/crates.io-index"

[[package]]
name = "cfg-if"
version = "0.1.10"
source = "registry+https://github.com/rust-lang/crates.io-index"

[[package]]
name = "derivative"
version = "1.0.3"
source = "registry+https://github.com/rust-lang/crates.io-index"
dependencies = [
 "proc-macro2 0.4.30 (registry+https://github.com/rust-lang/crates.io-index)",
 "quote 0.6.13 (registry+https://github.com/rust-lang/crates.io-index)",
 "syn 0.15.44 (registry+https://github.com/rust-lang/crates.io-index)",
]

[[package]]
name = "log"
version = "0.4.8"
source = "registry+https://github.com/rust-lang/crates.io-index"
dependencies = [
 "cfg-if 0.1.10 (registry+https://github.com/rust-lang/crates.io-index)",
]

[[package]]
name = "nodrop"
version = "0.1.13"
source = "registry+https://github.com/rust-lang/crates.io-index"

[[package]]
name = "num_enum"
version = "0.4.2"
source = "registry+https://github.com/rust-lang/crates.io-index"
dependencies = [
 "derivative 1.0.3 (registry+https://github.com/rust-lang/crates.io-index)",
 "num_enum_derive 0.4.2 (registry+https://github.com/rust-lang/crates.io-index)",
]

[[package]]
name = "num_enum_derive"
version = "0.4.2"
source = "registry+https://github.com/rust-lang/crates.io-index"
dependencies = [
 "proc-macro-crate 0.1.4 (registry+https://github.com/rust-lang/crates.io-index)",
 "proc-macro2 1.0.4 (registry+https://github.com/rust-lang/crates.io-index)",
 "quote 1.0.2 (registry+https://github.com/rust-lang/crates.io-index)",
 "syn 1.0.5 (registry+https://github.com/rust-lang/crates.io-index)",
]

[[package]]
name = "proc-macro-crate"
version = "0.1.4"
source = "registry+https://github.com/rust-lang/crates.io-index"
dependencies = [
 "toml 0.5.3 (registry+https://github.com/rust-lang/crates.io-index)",
]

[[package]]
name = "proc-macro2"
version = "0.4.30"
source = "registry+https://github.com/rust-lang/crates.io-index"
dependencies = [
 "unicode-xid 0.1.0 (registry+https://github.com/rust-lang/crates.io-index)",
]

[[package]]
name = "proc-macro2"
version = "1.0.4"
source = "registry+https://github.com/rust-lang/crates.io-index"
dependencies = [
 "unicode-xid 0.2.0 (registry+https://github.com/rust-lang/crates.io-index)",
]

[[package]]
name = "quote"
version = "0.6.13"
source = "registry+https://github.com/rust-lang/crates.io-index"
dependencies = [
 "proc-macro2 0.4.30 (registry+https://github.com/rust-lang/crates.io-index)",
]

[[package]]
name = "quote"
version = "1.0.2"
source = "registry+https://github.com/rust-lang/crates.io-index"
dependencies = [
 "proc-macro2 1.0.4 (registry+https://github.com/rust-lang/crates.io-index)",
]

[[package]]
name = "rlibc"
version = "1.0.0"
source = "registry+https://github.com/rust-lang/crates.io-index"

[[package]]
name = "rust-kernel"
version = "0.1.0"
dependencies = [
 "bitflags 1.2.0 (registry+https://github.com/rust-lang/crates.io-index)",
 "log 0.4.8 (registry+https://github.com/rust-lang/crates.io-index)",
 "num_enum 0.4.2 (registry+https://github.com/rust-lang/crates.io-index)",
 "uefi 0.3.2 (registry+https://github.com/rust-lang/crates.io-index)",
 "uefi-services 0.1.0 (registry+https://github.com/rust-lang/crates.io-index)",
 "x86_64 0.7.5 (registry+https://github.com/rust-lang/crates.io-index)",
]

[[package]]
name = "serde"
version = "1.0.101"
source = "registry+https://github.com/rust-lang/crates.io-index"

[[package]]
name = "syn"
version = "0.15.44"
source = "registry+https://github.com/rust-lang/crates.io-index"
dependencies = [
 "proc-macro2 0.4.30 (registry+https://github.com/rust-lang/crates.io-index)",
 "quote 0.6.13 (registry+https://github.com/rust-lang/crates.io-index)",
 "unicode-xid 0.1.0 (registry+https://github.com/rust-lang/crates.io-index)",
]

[[package]]
name = "syn"
version = "1.0.5"
source = "registry+https://github.com/rust-lang/crates.io-index"
dependencies = [
 "proc-macro2 1.0.4 (registry+https://github.com/rust-lang/crates.io-index)",
 "quote 1.0.2 (registry+https://github.com/rust-lang/crates.io-index)",
 "unicode-xid 0.2.0 (registry+https://github.com/rust-lang/crates.io-index)",
]

[[package]]
name = "toml"
version = "0.5.3"
source = "registry+https://github.com/rust-lang/crates.io-index"
dependencies = [
 "serde 1.0.101 (registry+https://github.com/rust-lang/crates.io-index)",
]

[[package]]
name = "ucs2"
version = "0.1.0"
source = "registry+https://github.com/rust-lang/crates.io-index"

[[package]]
name = "uefi"
version = "0.3.2"
source = "registry+https://github.com/rust-lang/crates.io-index"
dependencies = [
 "bitflags 1.2.0 (registry+https://github.com/rust-lang/crates.io-index)",
 "log 0.4.8 (registry+https://github.com/rust-lang/crates.io-index)",
 "ucs2 0.1.0 (registry+https://github.com/rust-lang/crates.io-index)",
 "uefi-macros 0.2.1 (registry+https://github.com/rust-lang/crates.io-index)",
]

[[package]]
name = "uefi-macros"
version = "0.2.1"
source = "registry+https://github.com/rust-lang/crates.io-index"
dependencies = [
 "proc-macro2 1.0.4 (registry+https://github.com/rust-lang/crates.io-index)",
 "quote 1.0.2 (registry+https://github.com/rust-lang/crates.io-index)",
 "syn 1.0.5 (registry+https://github.com/rust-lang/crates.io-index)",
]

[[package]]
name = "uefi-services"
version = "0.1.0"
source = "registry+https://github.com/rust-lang/crates.io-index"
dependencies = [
 "log 0.4.8 (registry+https://github.com/rust-lang/crates.io-index)",
 "rlibc 1.0.0 (registry+https://github.com/rust-lang/crates.io-index)",
 "uefi 0.3.2 (registry+https://github.com/rust-lang/crates.io-index)",
 "x86_64 0.7.5 (registry+https://github.com/rust-lang/crates.io-index)",
]

[[package]]
name = "unicode-xid"
version = "0.1.0"
source = "registry+https://github.com/rust-lang/crates.io-index"

[[package]]
name = "unicode-xid"
version = "0.2.0"
source = "registry+https://github.com/rust-lang/crates.io-index"

[[package]]
name = "ux"
version = "0.1.3"
source = "registry+https://github.com/rust-lang/crates.io-index"

[[package]]
name = "x86_64"
version = "0.7.5"
source = "registry+https://github.com/rust-lang/crates.io-index"
dependencies = [
 "array-init 0.0.4 (registry+https://github.com/rust-lang/crates.io-index)",
 "bit_field 0.9.0 (registry+https://github.com/rust-lang/crates.io-index)",
 "bitflags 1.2.0 (registry+https://github.com/rust-lang/crates.io-index)",
 "cast 0.2.2 (registry+https://github.com/rust-lang/crates.io-index)",
 "ux 0.1.3 (registry+https://github.com/rust-lang/crates.io-index)",
]

[metadata]
"checksum array-init 0.0.4 (registry+https://github.com/rust-lang/crates.io-index)" = "23589ecb866b460d3a0f1278834750268c607e8e28a1b982c907219f3178cd72"
"checksum bit_field 0.9.0 (registry+https://github.com/rust-lang/crates.io-index)" = "ed8765909f9009617974ab6b7d332625b320b33c326b1e9321382ef1999b5d56"
"checksum bitflags 1.2.0 (registry+https://github.com/rust-lang/crates.io-index)" = "8a606a02debe2813760609f57a64a2ffd27d9fdf5b2f133eaca0b248dd92cdd2"
"checksum cast 0.2.2 (registry+https://github.com/rust-lang/crates.io-index)" = "926013f2860c46252efceabb19f4a6b308197505082c609025aa6706c011d427"
"checksum cfg-if 0.1.10 (registry+https://github.com/rust-lang/crates.io-index)" = "4785bdd1c96b2a846b2bd7cc02e86b6b3dbf14e7e53446c4f54c92a361040822"
"checksum derivative 1.0.3 (registry+https://github.com/rust-lang/crates.io-index)" = "942ca430eef7a3806595a6737bc388bf51adb888d3fc0dd1b50f1c170167ee3a"
"checksum log 0.4.8 (registry+https://github.com/rust-lang/crates.io-index)" = "14b6052be84e6b71ab17edffc2eeabf5c2c3ae1fdb464aae35ac50c67a44e1f7"
"checksum nodrop 0.1.13 (registry+https://github.com/rust-lang/crates.io-index)" = "2f9667ddcc6cc8a43afc9b7917599d7216aa09c463919ea32c59ed6cac8bc945"
"checksum num_enum 0.4.2 (registry+https://github.com/rust-lang/crates.io-index)" = "be601e38e20a6f3d01049d85801cb9b7a34a8da7a0da70df507bbde7735058c8"
"checksum num_enum_derive 0.4.2 (registry+https://github.com/rust-lang/crates.io-index)" = "b59f30f6a043f2606adbd0addbf1eef6f2e28e8c4968918b63b7ff97ac0db2a7"
"checksum proc-macro-crate 0.1.4 (registry+https://github.com/rust-lang/crates.io-index)" = "e10d4b51f154c8a7fb96fd6dad097cb74b863943ec010ac94b9fd1be8861fe1e"
"checksum proc-macro2 0.4.30 (registry+https://github.com/rust-lang/crates.io-index)" = "cf3d2011ab5c909338f7887f4fc896d35932e29146c12c8d01da6b22a80ba759"
"checksum proc-macro2 1.0.4 (registry+https://github.com/rust-lang/crates.io-index)" = "afdc77cc74ec70ed262262942ebb7dac3d479e9e5cfa2da1841c0806f6cdabcc"
"checksum quote 0.6.13 (registry+https://github.com/rust-lang/crates.io-index)" = "6ce23b6b870e8f94f81fb0a363d65d86675884b34a09043c81e5562f11c1f8e1"
"checksum quote 1.0.2 (registry+https://github.com/rust-lang/crates.io-index)" = "053a8c8bcc71fcce321828dc897a98ab9760bef03a4fc36693c231e5b3216cfe"
"checksum rlibc 1.0.0 (registry+https://github.com/rust-lang/crates.io-index)" = "fc874b127765f014d792f16763a81245ab80500e2ad921ed4ee9e82481ee08fe"
"checksum serde 1.0.101 (registry+https://github.com/rust-lang/crates.io-index)" = "9796c9b7ba2ffe7a9ce53c2287dfc48080f4b2b362fcc245a259b3a7201119dd"
"checksum syn 0.15.44 (registry+https://github.com/rust-lang/crates.io-index)" = "9ca4b3b69a77cbe1ffc9e198781b7acb0c7365a883670e8f1c1bc66fba79a5c5"
"checksum syn 1.0.5 (registry+https://github.com/rust-lang/crates.io-index)" = "66850e97125af79138385e9b88339cbcd037e3f28ceab8c5ad98e64f0f1f80bf"
"checksum toml 0.5.3 (registry+https://github.com/rust-lang/crates.io-index)" = "c7aabe75941d914b72bf3e5d3932ed92ce0664d49d8432305a8b547c37227724"
"checksum ucs2 0.1.0 (registry+https://github.com/rust-lang/crates.io-index)" = "8e583483194b07714e09e7f72ae3ed447d17fe6855f66a2ccbf6751e52df82e0"
"checksum uefi 0.3.2 (registry+https://github.com/rust-lang/crates.io-index)" = "d78258f2ed80f151076ec6680e760f493bf02632c1f12600070cf636be467a18"
"checksum uefi-macros 0.2.1 (registry+https://github.com/rust-lang/crates.io-index)" = "3c026bf1debef09a440bcf0635b7fdbd4d33d109db1ca0826c3699bbbd2b6814"
"checksum uefi-services 0.1.0 (registry+https://github.com/rust-lang/crates.io-index)" = "5a65bec9cce3959626e038daee1270da042950e92b511416328a25bcd658c0c3"
"checksum unicode-xid 0.1.0 (registry+https://github.com/rust-lang/crates.io-index)" = "fc72304796d0818e357ead4e000d19c9c174ab23dc11093ac919054d20a6a7fc"
"checksum unicode-xid 0.2.0 (registry+https://github.com/rust-lang/crates.io-index)" = "826e7639553986605ec5979c7dd957c7895e93eabed50ab2ffa7f6128a75097c"
"checksum ux 0.1.3 (registry+https://github.com/rust-lang/crates.io-index)" = "88dfeb711b61ce620c0cb6fd9f8e3e678622f0c971da2a63c4b3e25e88ed012f"
"checksum x86_64 0.7.5 (registry+https://github.com/rust-lang/crates.io-index)" = "997837f3913aac8f67164683258756d712376849906c8d609f844084bc03ef84"
